
Microsoft Visual Studio Solution File, Format Version 12.00
# Visual Studio Version 17
VisualStudioVersion = 17.3.32922.545
MinimumVisualStudioVersion = 10.0.40219.1
Project("{FAE04EC0-301F-11D3-BF4B-00C04F79EFBC}") = "Nintendo", "Nintendo.csproj", "{4F0F8760-F620-4E93-B0A5-0491A06F28C7}"
EndProject
Global
	GlobalSection(SolutionConfigurationPlatforms) = preSolution
		Debug|Any CPU = Debug|Any CPU
		Release|Any CPU = Release|Any CPU
	EndGlobalSection
	GlobalSection(ProjectConfigurationPlatforms) = postSolution
		{4F0F8760-F620-4E93-B0A5-0491A06F28C7}.Debug|Any CPU.ActiveCfg = Debug|Any CPU
		{4F0F8760-F620-4E93-B0A5-0491A06F28C7}.Debug|Any CPU.Build.0 = Debug|Any CPU
		{4F0F8760-F620-4E93-B0A5-0491A06F28C7}.Release|Any CPU.ActiveCfg = Release|Any CPU
		{4F0F8760-F620-4E93-B0A5-0491A06F28C7}.Release|Any CPU.Build.0 = Release|Any CPU
	EndGlobalSection
	GlobalSection(SolutionProperties) = preSolution
		HideSolutionNode = FALSE
	EndGlobalSection
	GlobalSection(ExtensibilityGlobals) = postSolution
		SolutionGuid = {554A78CC-BABE-4CFE-B757-13C8D17305E9}
	EndGlobalSection
EndGlobal
